
Microsoft Visual Studio Solution File, Format Version 12.00
# Visual Studio Version 17
VisualStudioVersion = 17.13.35931.197 d17.13
MinimumVisualStudioVersion = 10.0.40219.1
Project("{FAE04EC0-301F-11D3-BF4B-00C04F79EFBC}") = "BrowseMessageCA", "BrowseMessageCA.csproj", "{C400568A-BE05-4993-8D10-BD208CB6AB26}"
EndProject
Global
	GlobalSection(SolutionConfigurationPlatforms) = preSolution
		Debug|Any CPU = Debug|Any CPU
		Release|Any CPU = Release|Any CPU
	EndGlobalSection
	GlobalSection(ProjectConfigurationPlatforms) = postSolution
		{C400568A-BE05-4993-8D10-BD208CB6AB26}.Debug|Any CPU.ActiveCfg = Debug|Any CPU
		{C400568A-BE05-4993-8D10-BD208CB6AB26}.Debug|Any CPU.Build.0 = Debug|Any CPU
		{C400568A-BE05-4993-8D10-BD208CB6AB26}.Release|Any CPU.ActiveCfg = Release|Any CPU
		{C400568A-BE05-4993-8D10-BD208CB6AB26}.Release|Any CPU.Build.0 = Release|Any CPU
	EndGlobalSection
	GlobalSection(SolutionProperties) = preSolution
		HideSolutionNode = FALSE
	EndGlobalSection
	GlobalSection(ExtensibilityGlobals) = postSolution
		SolutionGuid = {B3F6A51B-7F8F-4A42-992B-5A402575FC15}
	EndGlobalSection
EndGlobal
